
Microsoft Visual Studio Solution File, Format Version 12.00
# Visual Studio Version 17
VisualStudioVersion = 17.4.33122.133
MinimumVisualStudioVersion = 10.0.40219.1
Project("{8BC9CEB8-8B4A-11D0-8D11-00A0C91BC942}") = "ejs-14-clases", "ejs-14-clases\ejs-14-clases.vcxproj", "{1D7519E3-ED13-4592-A875-8C2405AFCFBD}"
EndProject
Project("{8BC9CEB8-8B4A-11D0-8D11-00A0C91BC942}") = "ej14.1", "ej14.1\ej14.1.vcxproj", "{715B1DA4-B168-4267-B7A9-200E56923632}"
EndProject
Project("{8BC9CEB8-8B4A-11D0-8D11-00A0C91BC942}") = "ej14.2", "ej14.2\ej14.2.vcxproj", "{EBC6EC90-F417-4C11-95B5-D2F6088D835B}"
EndProject
Project("{8BC9CEB8-8B4A-11D0-8D11-00A0C91BC942}") = "ej14.3", "ej14.3\ej14.3.vcxproj", "{9037BA07-CD32-4E6D-8621-F8DC2D3E5623}"
EndProject
Project("{8BC9CEB8-8B4A-11D0-8D11-00A0C91BC942}") = "ej14.4", "ej14.4\ej14.4.vcxproj", "{D21DD05C-A259-4A86-8331-CA68A72E63C8}"
EndProject
Global
	GlobalSection(SolutionConfigurationPlatforms) = preSolution
		Debug|x64 = Debug|x64
		Debug|x86 = Debug|x86
		Release|x64 = Release|x64
		Release|x86 = Release|x86
	EndGlobalSection
	GlobalSection(ProjectConfigurationPlatforms) = postSolution
		{1D7519E3-ED13-4592-A875-8C2405AFCFBD}.Debug|x64.ActiveCfg = Debug|x64
		{1D7519E3-ED13-4592-A875-8C2405AFCFBD}.Debug|x64.Build.0 = Debug|x64
		{1D7519E3-ED13-4592-A875-8C2405AFCFBD}.Debug|x86.ActiveCfg = Debug|Win32
		{1D7519E3-ED13-4592-A875-8C2405AFCFBD}.Debug|x86.Build.0 = Debug|Win32
		{1D7519E3-ED13-4592-A875-8C2405AFCFBD}.Release|x64.ActiveCfg = Release|x64
		{1D7519E3-ED13-4592-A875-8C2405AFCFBD}.Release|x64.Build.0 = Release|x64
		{1D7519E3-ED13-4592-A875-8C2405AFCFBD}.Release|x86.ActiveCfg = Release|Win32
		{1D7519E3-ED13-4592-A875-8C2405AFCFBD}.Release|x86.Build.0 = Release|Win32
		{715B1DA4-B168-4267-B7A9-200E56923632}.Debug|x64.ActiveCfg = Debug|x64
		{715B1DA4-B168-4267-B7A9-200E56923632}.Debug|x64.Build.0 = Debug|x64
		{715B1DA4-B168-4267-B7A9-200E56923632}.Debug|x86.ActiveCfg = Debug|Win32
		{715B1DA4-B168-4267-B7A9-200E56923632}.Debug|x86.Build.0 = Debug|Win32
		{715B1DA4-B168-4267-B7A9-200E56923632}.Release|x64.ActiveCfg = Release|x64
		{715B1DA4-B168-4267-B7A9-200E56923632}.Release|x64.Build.0 = Release|x64
		{715B1DA4-B168-4267-B7A9-200E56923632}.Release|x86.ActiveCfg = Release|Win32
		{715B1DA4-B168-4267-B7A9-200E56923632}.Release|x86.Build.0 = Release|Win32
		{EBC6EC90-F417-4C11-95B5-D2F6088D835B}.Debug|x64.ActiveCfg = Debug|x64
		{EBC6EC90-F417-4C11-95B5-D2F6088D835B}.Debug|x64.Build.0 = Debug|x64
		{EBC6EC90-F417-4C11-95B5-D2F6088D835B}.Debug|x86.ActiveCfg = Debug|Win32
		{EBC6EC90-F417-4C11-95B5-D2F6088D835B}.Debug|x86.Build.0 = Debug|Win32
		{EBC6EC90-F417-4C11-95B5-D2F6088D835B}.Release|x64.ActiveCfg = Release|x64
		{EBC6EC90-F417-4C11-95B5-D2F6088D835B}.Release|x64.Build.0 = Release|x64
		{EBC6EC90-F417-4C11-95B5-D2F6088D835B}.Release|x86.ActiveCfg = Release|Win32
		{EBC6EC90-F417-4C11-95B5-D2F6088D835B}.Release|x86.Build.0 = Release|Win32
		{9037BA07-CD32-4E6D-8621-F8DC2D3E5623}.Debug|x64.ActiveCfg = Debug|x64
		{9037BA07-CD32-4E6D-8621-F8DC2D3E5623}.Debug|x64.Build.0 = Debug|x64
		{9037BA07-CD32-4E6D-8621-F8DC2D3E5623}.Debug|x86.ActiveCfg = Debug|Win32
		{9037BA07-CD32-4E6D-8621-F8DC2D3E5623}.Debug|x86.Build.0 = Debug|Win32
		{9037BA07-CD32-4E6D-8621-F8DC2D3E5623}.Release|x64.ActiveCfg = Release|x64
		{9037BA07-CD32-4E6D-8621-F8DC2D3E5623}.Release|x64.Build.0 = Release|x64
		{9037BA07-CD32-4E6D-8621-F8DC2D3E5623}.Release|x86.ActiveCfg = Release|Win32
		{9037BA07-CD32-4E6D-8621-F8DC2D3E5623}.Release|x86.Build.0 = Release|Win32
		{D21DD05C-A259-4A86-8331-CA68A72E63C8}.Debug|x64.ActiveCfg = Debug|x64
		{D21DD05C-A259-4A86-8331-CA68A72E63C8}.Debug|x64.Build.0 = Debug|x64
		{D21DD05C-A259-4A86-8331-CA68A72E63C8}.Debug|x86.ActiveCfg = Debug|Win32
		{D21DD05C-A259-4A86-8331-CA68A72E63C8}.Debug|x86.Build.0 = Debug|Win32
		{D21DD05C-A259-4A86-8331-CA68A72E63C8}.Release|x64.ActiveCfg = Release|x64
		{D21DD05C-A259-4A86-8331-CA68A72E63C8}.Release|x64.Build.0 = Release|x64
		{D21DD05C-A259-4A86-8331-CA68A72E63C8}.Release|x86.ActiveCfg = Release|Win32
		{D21DD05C-A259-4A86-8331-CA68A72E63C8}.Release|x86.Build.0 = Release|Win32
	EndGlobalSection
	GlobalSection(SolutionProperties) = preSolution
		HideSolutionNode = FALSE
	EndGlobalSection
	GlobalSection(ExtensibilityGlobals) = postSolution
		SolutionGuid = {5CE813A7-A7FA-4AF8-9AD9-E9662615E706}
	EndGlobalSection
EndGlobal
