
Microsoft Visual Studio Solution File, Format Version 12.00
# Visual Studio Version 17
VisualStudioVersion = 17.4.33205.214
MinimumVisualStudioVersion = 10.0.40219.1
Project("{8BC9CEB8-8B4A-11D0-8D11-00A0C91BC942}") = "parcial-2-pablo-cuesta", "parcial-2-pablo-cuesta\parcial-2-pablo-cuesta.vcxproj", "{61B9192F-A7CD-4E5C-A358-CAF40FEA5D2B}"
EndProject
Global
	GlobalSection(SolutionConfigurationPlatforms) = preSolution
		Debug|x64 = Debug|x64
		Debug|x86 = Debug|x86
		Release|x64 = Release|x64
		Release|x86 = Release|x86
	EndGlobalSection
	GlobalSection(ProjectConfigurationPlatforms) = postSolution
		{61B9192F-A7CD-4E5C-A358-CAF40FEA5D2B}.Debug|x64.ActiveCfg = Debug|x64
		{61B9192F-A7CD-4E5C-A358-CAF40FEA5D2B}.Debug|x64.Build.0 = Debug|x64
		{61B9192F-A7CD-4E5C-A358-CAF40FEA5D2B}.Debug|x86.ActiveCfg = Debug|Win32
		{61B9192F-A7CD-4E5C-A358-CAF40FEA5D2B}.Debug|x86.Build.0 = Debug|Win32
		{61B9192F-A7CD-4E5C-A358-CAF40FEA5D2B}.Release|x64.ActiveCfg = Release|x64
		{61B9192F-A7CD-4E5C-A358-CAF40FEA5D2B}.Release|x64.Build.0 = Release|x64
		{61B9192F-A7CD-4E5C-A358-CAF40FEA5D2B}.Release|x86.ActiveCfg = Release|Win32
		{61B9192F-A7CD-4E5C-A358-CAF40FEA5D2B}.Release|x86.Build.0 = Release|Win32
	EndGlobalSection
	GlobalSection(SolutionProperties) = preSolution
		HideSolutionNode = FALSE
	EndGlobalSection
	GlobalSection(ExtensibilityGlobals) = postSolution
		SolutionGuid = {54E5CC94-8E18-4472-A17B-67030C8712CB}
	EndGlobalSection
EndGlobal
